
Microsoft Visual Studio Solution File, Format Version 12.00
# Visual Studio 15
VisualStudioVersion = 15.0.25920.0
MinimumVisualStudioVersion = 10.0.40219.1
Project("{FAE04EC0-301F-11D3-BF4B-00C04F79EFBC}") = "RAspect", "RAspect\RAspect.csproj", "{05D73B42-B7F9-407D-BB14-F4BC09AE226B}"
EndProject
Project("{FAE04EC0-301F-11D3-BF4B-00C04F79EFBC}") = "RAspect.Aspects", "RAspect.Aspects\RAspect.Aspects.csproj", "{3F2DE547-B414-4B24-BE0E-7879E8604B5B}"
EndProject
Project("{FAE04EC0-301F-11D3-BF4B-00C04F79EFBC}") = "RAspect.Contracts", "RAspect.Contracts\RAspect.Contracts.csproj", "{6CF48DD0-D908-482F-8272-FAB5B21277D4}"
EndProject
Project("{FAE04EC0-301F-11D3-BF4B-00C04F79EFBC}") = "RAspect.Analyzers", "RAspect.Analyzers\RAspect.Analyzers\RAspect.Analyzers.csproj", "{0F81D5C6-EBE4-4470-8AD4-F7D1DBB615D6}"
EndProject
Project("{FAE04EC0-301F-11D3-BF4B-00C04F79EFBC}") = "RAspect.Analyzers.Test", "RAspect.Analyzers\RAspect.Analyzers.Test\RAspect.Analyzers.Test.csproj", "{74609B62-F8A8-4B10-AE66-227C9FF73EFE}"
EndProject
Project("{FAE04EC0-301F-11D3-BF4B-00C04F79EFBC}") = "RAspect.Patterns", "RAspect.Patterns\RAspect.Patterns.csproj", "{19CEFBFC-C5FB-485F-8EB0-4652716B1C0F}"
EndProject
Project("{FAE04EC0-301F-11D3-BF4B-00C04F79EFBC}") = "RAspect.Tests", "RAspect.Tests\RAspect.Tests.csproj", "{88654296-095B-41F1-A662-E63A663ECDDD}"
EndProject
Project("{FAE04EC0-301F-11D3-BF4B-00C04F79EFBC}") = "RAspect.Patterns.Logging.NLog", "RAspect.Patterns.Logging.NLog\RAspect.Patterns.Logging.NLog.csproj", "{9D0831E9-0886-49CA-9C35-85952D2AD0FB}"
EndProject
Project("{FAE04EC0-301F-11D3-BF4B-00C04F79EFBC}") = "RAspect.Patterns.Logging.Log4Net", "RAspect.Patterns.Logging.Log4Net\RAspect.Patterns.Logging.Log4Net.csproj", "{9133003A-3824-4E40-955E-371E8B47E4AD}"
EndProject
Project("{FAE04EC0-301F-11D3-BF4B-00C04F79EFBC}") = "Nuget", "Nuget\Nuget.csproj", "{3910B7F6-2EBC-4109-8EAC-D19B7FBFD21D}"
EndProject
Project("{FAE04EC0-301F-11D3-BF4B-00C04F79EFBC}") = "RAspect.Compiler", "RAspect.Compiler\RAspect.Compiler.csproj", "{8679A51F-C214-4281-A569-45808B5ABE43}"
EndProject
Global
	GlobalSection(SolutionConfigurationPlatforms) = preSolution
		Debug|Any CPU = Debug|Any CPU
		Release|Any CPU = Release|Any CPU
	EndGlobalSection
	GlobalSection(ProjectConfigurationPlatforms) = postSolution
		{05D73B42-B7F9-407D-BB14-F4BC09AE226B}.Debug|Any CPU.ActiveCfg = Debug|Any CPU
		{05D73B42-B7F9-407D-BB14-F4BC09AE226B}.Debug|Any CPU.Build.0 = Debug|Any CPU
		{05D73B42-B7F9-407D-BB14-F4BC09AE226B}.Release|Any CPU.ActiveCfg = Release|Any CPU
		{05D73B42-B7F9-407D-BB14-F4BC09AE226B}.Release|Any CPU.Build.0 = Release|Any CPU
		{3F2DE547-B414-4B24-BE0E-7879E8604B5B}.Debug|Any CPU.ActiveCfg = Debug|Any CPU
		{3F2DE547-B414-4B24-BE0E-7879E8604B5B}.Debug|Any CPU.Build.0 = Debug|Any CPU
		{3F2DE547-B414-4B24-BE0E-7879E8604B5B}.Release|Any CPU.ActiveCfg = Release|Any CPU
		{3F2DE547-B414-4B24-BE0E-7879E8604B5B}.Release|Any CPU.Build.0 = Release|Any CPU
		{6CF48DD0-D908-482F-8272-FAB5B21277D4}.Debug|Any CPU.ActiveCfg = Debug|Any CPU
		{6CF48DD0-D908-482F-8272-FAB5B21277D4}.Debug|Any CPU.Build.0 = Debug|Any CPU
		{6CF48DD0-D908-482F-8272-FAB5B21277D4}.Release|Any CPU.ActiveCfg = Release|Any CPU
		{6CF48DD0-D908-482F-8272-FAB5B21277D4}.Release|Any CPU.Build.0 = Release|Any CPU
		{0F81D5C6-EBE4-4470-8AD4-F7D1DBB615D6}.Debug|Any CPU.ActiveCfg = Debug|Any CPU
		{0F81D5C6-EBE4-4470-8AD4-F7D1DBB615D6}.Debug|Any CPU.Build.0 = Debug|Any CPU
		{0F81D5C6-EBE4-4470-8AD4-F7D1DBB615D6}.Release|Any CPU.ActiveCfg = Release|Any CPU
		{0F81D5C6-EBE4-4470-8AD4-F7D1DBB615D6}.Release|Any CPU.Build.0 = Release|Any CPU
		{74609B62-F8A8-4B10-AE66-227C9FF73EFE}.Debug|Any CPU.ActiveCfg = Debug|Any CPU
		{74609B62-F8A8-4B10-AE66-227C9FF73EFE}.Debug|Any CPU.Build.0 = Debug|Any CPU
		{74609B62-F8A8-4B10-AE66-227C9FF73EFE}.Release|Any CPU.ActiveCfg = Release|Any CPU
		{74609B62-F8A8-4B10-AE66-227C9FF73EFE}.Release|Any CPU.Build.0 = Release|Any CPU
		{19CEFBFC-C5FB-485F-8EB0-4652716B1C0F}.Debug|Any CPU.ActiveCfg = Debug|Any CPU
		{19CEFBFC-C5FB-485F-8EB0-4652716B1C0F}.Debug|Any CPU.Build.0 = Debug|Any CPU
		{19CEFBFC-C5FB-485F-8EB0-4652716B1C0F}.Release|Any CPU.ActiveCfg = Release|Any CPU
		{19CEFBFC-C5FB-485F-8EB0-4652716B1C0F}.Release|Any CPU.Build.0 = Release|Any CPU
		{88654296-095B-41F1-A662-E63A663ECDDD}.Debug|Any CPU.ActiveCfg = Debug|Any CPU
		{88654296-095B-41F1-A662-E63A663ECDDD}.Debug|Any CPU.Build.0 = Debug|Any CPU
		{88654296-095B-41F1-A662-E63A663ECDDD}.Release|Any CPU.ActiveCfg = Release|Any CPU
		{88654296-095B-41F1-A662-E63A663ECDDD}.Release|Any CPU.Build.0 = Release|Any CPU
		{9D0831E9-0886-49CA-9C35-85952D2AD0FB}.Debug|Any CPU.ActiveCfg = Debug|Any CPU
		{9D0831E9-0886-49CA-9C35-85952D2AD0FB}.Debug|Any CPU.Build.0 = Debug|Any CPU
		{9D0831E9-0886-49CA-9C35-85952D2AD0FB}.Release|Any CPU.ActiveCfg = Release|Any CPU
		{9D0831E9-0886-49CA-9C35-85952D2AD0FB}.Release|Any CPU.Build.0 = Release|Any CPU
		{9133003A-3824-4E40-955E-371E8B47E4AD}.Debug|Any CPU.ActiveCfg = Debug|Any CPU
		{9133003A-3824-4E40-955E-371E8B47E4AD}.Debug|Any CPU.Build.0 = Debug|Any CPU
		{9133003A-3824-4E40-955E-371E8B47E4AD}.Release|Any CPU.ActiveCfg = Release|Any CPU
		{9133003A-3824-4E40-955E-371E8B47E4AD}.Release|Any CPU.Build.0 = Release|Any CPU
		{3910B7F6-2EBC-4109-8EAC-D19B7FBFD21D}.Debug|Any CPU.ActiveCfg = Debug|Any CPU
		{3910B7F6-2EBC-4109-8EAC-D19B7FBFD21D}.Debug|Any CPU.Build.0 = Debug|Any CPU
		{3910B7F6-2EBC-4109-8EAC-D19B7FBFD21D}.Release|Any CPU.ActiveCfg = Release|Any CPU
		{3910B7F6-2EBC-4109-8EAC-D19B7FBFD21D}.Release|Any CPU.Build.0 = Release|Any CPU
		{8679A51F-C214-4281-A569-45808B5ABE43}.Debug|Any CPU.ActiveCfg = Debug|Any CPU
		{8679A51F-C214-4281-A569-45808B5ABE43}.Debug|Any CPU.Build.0 = Debug|Any CPU
		{8679A51F-C214-4281-A569-45808B5ABE43}.Release|Any CPU.ActiveCfg = Release|Any CPU
		{8679A51F-C214-4281-A569-45808B5ABE43}.Release|Any CPU.Build.0 = Release|Any CPU
	EndGlobalSection
	GlobalSection(SolutionProperties) = preSolution
		HideSolutionNode = FALSE
	EndGlobalSection
EndGlobal
